
Microsoft Visual Studio Solution File, Format Version 12.00
# Visual Studio Version 16
VisualStudioVersion = 16.0.30309.148
MinimumVisualStudioVersion = 10.0.40219.1
Project("{FAE04EC0-301F-11D3-BF4B-00C04F79EFBC}") = "GitHubReadMe.Functions", "GitHubReadMe.Functions\GitHubReadMe.Functions.csproj", "{F26BBC38-0C23-49E6-A5F7-4E7EA94B367F}"
EndProject
Global
	GlobalSection(SolutionConfigurationPlatforms) = preSolution
		Debug|Any CPU = Debug|Any CPU
		Release|Any CPU = Release|Any CPU
	EndGlobalSection
	GlobalSection(ProjectConfigurationPlatforms) = postSolution
		{F26BBC38-0C23-49E6-A5F7-4E7EA94B367F}.Debug|Any CPU.ActiveCfg = Debug|Any CPU
		{F26BBC38-0C23-49E6-A5F7-4E7EA94B367F}.Debug|Any CPU.Build.0 = Debug|Any CPU
		{F26BBC38-0C23-49E6-A5F7-4E7EA94B367F}.Release|Any CPU.ActiveCfg = Release|Any CPU
		{F26BBC38-0C23-49E6-A5F7-4E7EA94B367F}.Release|Any CPU.Build.0 = Release|Any CPU
	EndGlobalSection
	GlobalSection(SolutionProperties) = preSolution
		HideSolutionNode = FALSE
	EndGlobalSection
	GlobalSection(ExtensibilityGlobals) = postSolution
		SolutionGuid = {DA1BD8AA-5B94-4B4A-AFD8-FA8D9F1C97A2}
	EndGlobalSection
EndGlobal
